
Microsoft Visual Studio Solution File, Format Version 12.00
# Visual Studio Version 17
VisualStudioVersion = 17.2.32630.192
MinimumVisualStudioVersion = 10.0.40219.1
Project("{FAE04EC0-301F-11D3-BF4B-00C04F79EFBC}") = "final-project", "final-project\final-project.csproj", "{579E7129-BE25-495A-94E3-3998E96B80B2}"
EndProject
Global
	GlobalSection(SolutionConfigurationPlatforms) = preSolution
		Debug|Any CPU = Debug|Any CPU
		Release|Any CPU = Release|Any CPU
	EndGlobalSection
	GlobalSection(ProjectConfigurationPlatforms) = postSolution
		{579E7129-BE25-495A-94E3-3998E96B80B2}.Debug|Any CPU.ActiveCfg = Debug|Any CPU
		{579E7129-BE25-495A-94E3-3998E96B80B2}.Debug|Any CPU.Build.0 = Debug|Any CPU
		{579E7129-BE25-495A-94E3-3998E96B80B2}.Release|Any CPU.ActiveCfg = Release|Any CPU
		{579E7129-BE25-495A-94E3-3998E96B80B2}.Release|Any CPU.Build.0 = Release|Any CPU
	EndGlobalSection
	GlobalSection(SolutionProperties) = preSolution
		HideSolutionNode = FALSE
	EndGlobalSection
	GlobalSection(ExtensibilityGlobals) = postSolution
		SolutionGuid = {285F89A8-E850-43D2-B826-4A6BED92D885}
	EndGlobalSection
EndGlobal
